{
  "name": "tailwind-prettier-whitespace-bug",
  "version": "1.0.0",
  "lockfileVersion": 2,
  "requires": true,
  "packages": {
    "": {
      "name": "tailwind-prettier-whitespace-bug",
      "version": "1.0.0",
      "license": "ISC",
      "devDependencies": {
        "prettier": "^2.6.2",
        "prettier-plugin-tailwindcss": "^0.1.9"
      }
    },
    "node_modules/prettier": {
      "version": "2.6.2",
      "resolved": "https://registry.npmjs.org/prettier/-/prettier-2.6.2.tgz",
      "integrity": "sha512-PkUpF+qoXTqhOeWL9fu7As8LXsIUZ1WYaJiY/a7McAQzxjk82OF0tibkFXVCDImZtWxbvojFjerkiLb0/q8mew==",
      "dev": true,
      "bin": {
        "prettier": "bin-prettier.js"
      },
      "engines": {
        "node": ">=10.13.0"
      },
      "funding": {
        "url": "https://github.com/prettier/prettier?sponsor=1"
      }
    },
    "node_modules/prettier-plugin-tailwindcss": {
      "version": "0.1.9",
      "resolved": "https://registry.npmjs.org/prettier-plugin-tailwindcss/-/prettier-plugin-tailwindcss-0.1.9.tgz",
      "integrity": "sha512-xqoDNnFfYhz3PxaptKO5lXwVU/MAfT6PTZPxiKKutKTgaLeQBjxts6j7BLbkI0FezDrGDUZQjDZpmnF9dv2hdg==",
      "dev": true,
      "engines": {
        "node": ">=12.17.0"
      },
      "peerDependencies": {
        "prettier": ">=2.2.0"
      }
    }
  },
  "dependencies": {
    "prettier": {
      "version": "2.6.2",
      "resolved": "https://registry.npmjs.org/prettier/-/prettier-2.6.2.tgz",
      "integrity": "sha512-PkUpF+qoXTqhOeWL9fu7As8LXsIUZ1WYaJiY/a7McAQzxjk82OF0tibkFXVCDImZtWxbvojFjerkiLb0/q8mew==",
      "dev": true
    },
    "prettier-plugin-tailwindcss": {
      "version": "0.1.9",
      "resolved": "https://registry.npmjs.org/prettier-plugin-tailwindcss/-/prettier-plugin-tailwindcss-0.1.9.tgz",
      "integrity": "sha512-xqoDNnFfYhz3PxaptKO5lXwVU/MAfT6PTZPxiKKutKTgaLeQBjxts6j7BLbkI0FezDrGDUZQjDZpmnF9dv2hdg==",
      "dev": true,
      "requires": {}
    }
  }
}
